dependencies:
- name: mysql-operator
  repository: https://presslabs.github.io/charts/
  version: 0.2.2
- name: wordpress-operator
  repository: https://presslabs.github.io/charts/
  version: v0.2.2
- name: nginx-ingress
  repository: https://kubernetes-charts.storage.googleapis.com/
  version: 0.28.3
- name: cert-manager
  repository: https://kubernetes-charts.storage.googleapis.com/
  version: v0.5.2
- name: prometheus-operator
  repository: https://s3-eu-west-1.amazonaws.com/coreos-charts/stable/
  version: 0.0.29
digest: sha256:52c540bf49d72d16e1ba7439fc6ae1a604b3a9a4b8346f3e05229d02b8d8cbc4
generated: 2019-01-17T15:21:51.970341039+02:00
