dependencies:
- name: mysql-operator
  repository: https://presslabs.github.io/charts/
  version: 0.2.1
- name: wordpress-operator
  repository: https://presslabs.github.io/charts/
  version: v0.2.0
- name: nginx-ingress
  repository: https://kubernetes-charts.storage.googleapis.com/
  version: 0.28.3
- name: cert-manager
  repository: https://kubernetes-charts.storage.googleapis.com/
  version: v0.5.2
- name: prometheus-operator
  repository: https://s3-eu-west-1.amazonaws.com/coreos-charts/stable/
  version: 0.0.29
digest: sha256:ae1ca4813c7b99fc0796a54da63d9ceb1b220653412e27d9cbfd85ee48862877
generated: 2018-12-07T13:56:35.531030034+02:00
